
Microsoft Visual Studio Solution File, Format Version 12.00
# Visual Studio Version 17
VisualStudioVersion = 17.7.34024.191
MinimumVisualStudioVersion = 10.0.40219.1
Project("{FAE04EC0-301F-11D3-BF4B-00C04F79EFBC}") = "6_Calculator", "6_Calculator\6_Calculator.csproj", "{BBDEBA2D-FE60-49A7-9FD8-BE4BF19F3AAA}"
EndProject
Global
	GlobalSection(SolutionConfigurationPlatforms) = preSolution
		Debug|Any CPU = Debug|Any CPU
		Release|Any CPU = Release|Any CPU
	EndGlobalSection
	GlobalSection(ProjectConfigurationPlatforms) = postSolution
		{BBDEBA2D-FE60-49A7-9FD8-BE4BF19F3AAA}.Debug|Any CPU.ActiveCfg = Debug|Any CPU
		{BBDEBA2D-FE60-49A7-9FD8-BE4BF19F3AAA}.Debug|Any CPU.Build.0 = Debug|Any CPU
		{BBDEBA2D-FE60-49A7-9FD8-BE4BF19F3AAA}.Release|Any CPU.ActiveCfg = Release|Any CPU
		{BBDEBA2D-FE60-49A7-9FD8-BE4BF19F3AAA}.Release|Any CPU.Build.0 = Release|Any CPU
	EndGlobalSection
	GlobalSection(SolutionProperties) = preSolution
		HideSolutionNode = FALSE
	EndGlobalSection
	GlobalSection(ExtensibilityGlobals) = postSolution
		SolutionGuid = {69D7D0A3-E3AD-4D5A-A6C0-9251FB179018}
	EndGlobalSection
EndGlobal
